// !$*UTF8*$!
{
	archiveVersion = 1;
	classes = {
	};
	objectVersion = 55;
	objects = {

/* Begin PBXBuildFile section */
		94B3EAB729238B73008DCE39 /* AppDelegate.swift in Sources */ = {isa = PBXBuildFile; fileRef = 94B3EAB629238B73008DCE39 /* AppDelegate.swift */; };
		94B3EAB929238B73008DCE39 /* SceneDelegate.swift in Sources */ = {isa = PBXBuildFile; fileRef = 94B3EAB829238B73008DCE39 /* SceneDelegate.swift */; };
		94B3EABE29238B73008DCE39 /* Main.storyboard in Resources */ = {isa = PBXBuildFile; fileRef = 94B3EABC29238B73008DCE39 /* Main.storyboard */; };
		94B3EAC029238B73008DCE39 /* Assets.xcassets in Resources */ = {isa = PBXBuildFile; fileRef = 94B3EABF29238B73008DCE39 /* Assets.xcassets */; };
		94B3EAC329238B73008DCE39 /* LaunchScreen.storyboard in Resources */ = {isa = PBXBuildFile; fileRef = 94B3EAC129238B73008DCE39 /* LaunchScreen.storyboard */; };
		94B3EAD229239060008DCE39 /* DetailViewController.swift in Sources */ = {isa = PBXBuildFile; fileRef = 94B3EAD129239060008DCE39 /* DetailViewController.swift */; };
		94B3EAD42923907F008DCE39 /* SettingsViewController.swift in Sources */ = {isa = PBXBuildFile; fileRef = 94B3EAD32923907F008DCE39 /* SettingsViewController.swift */; };
		94B3EAD729239098008DCE39 /* SnapKit in Frameworks */ = {isa = PBXBuildFile; productRef = 94B3EAD629239098008DCE39 /* SnapKit */; };
		94B3EAD9292390BD008DCE39 /* Model.swift in Sources */ = {isa = PBXBuildFile; fileRef = 94B3EAD8292390BD008DCE39 /* Model.swift */; };
		94B3EADB292390D1008DCE39 /* StandartTableViewCell.swift in Sources */ = {isa = PBXBuildFile; fileRef = 94B3EADA292390D1008DCE39 /* StandartTableViewCell.swift */; };
		94B3EADD292390E5008DCE39 /* UserInfoTableViewCell.swift in Sources */ = {isa = PBXBuildFile; fileRef = 94B3EADC292390E5008DCE39 /* UserInfoTableViewCell.swift */; };
		94B3EADF292390FD008DCE39 /* WithSwitchTableViewCell.swift in Sources */ = {isa = PBXBuildFile; fileRef = 94B3EADE292390FD008DCE39 /* WithSwitchTableViewCell.swift */; };
/* End PBXBuildFile section */

/* Begin PBXFileReference section */
		94B3EAB329238B73008DCE39 /* 13th_HW_2.app */ = {isa = PBXFileReference; explicitFileType = wrapper.application; includeInIndex = 0; path = 13th_HW_2.app; sourceTree = BUILT_PRODUCTS_DIR; };
		94B3EAB629238B73008DCE39 /* AppDelegate.swift */ = {isa = PBXFileReference; lastKnownFileType = sourcecode.swift; path = AppDelegate.swift; sourceTree = "<group>"; };
		94B3EAB829238B73008DCE39 /* SceneDelegate.swift */ = {isa = PBXFileReference; lastKnownFileType = sourcecode.swift; path = SceneDelegate.swift; sourceTree = "<group>"; };
		94B3EABD29238B73008DCE39 /* Base */ = {isa = PBXFileReference; lastKnownFileType = file.storyboard; name = Base; path = Base.lproj/Main.storyboard; sourceTree = "<group>"; };
		94B3EABF29238B73008DCE39 /* Assets.xcassets */ = {isa = PBXFileReference; lastKnownFileType = folder.assetcatalog; path = Assets.xcassets; sourceTree = "<group>"; };
		94B3EAC229238B73008DCE39 /* Base */ = {isa = PBXFileReference; lastKnownFileType = file.storyboard; name = Base; path = Base.lproj/LaunchScreen.storyboard; sourceTree = "<group>"; };
		94B3EAC429238B73008DCE39 /* Info.plist */ = {isa = PBXFileReference; lastKnownFileType = text.plist.xml; path = Info.plist; sourceTree = "<group>"; };
		94B3EAD129239060008DCE39 /* DetailViewController.swift */ = {isa = PBXFileReference; lastKnownFileType = sourcecode.swift; path = DetailViewController.swift; sourceTree = "<group>"; };
		94B3EAD32923907F008DCE39 /* SettingsViewController.swift */ = {isa = PBXFileReference; lastKnownFileType = sourcecode.swift; path = SettingsViewController.swift; sourceTree = "<group>"; };
		94B3EAD8292390BD008DCE39 /* Model.swift */ = {isa = PBXFileReference; lastKnownFileType = sourcecode.swift; path = Model.swift; sourceTree = "<group>"; };
		94B3EADA292390D1008DCE39 /* StandartTableViewCell.swift */ = {isa = PBXFileReference; lastKnownFileType = sourcecode.swift; path = StandartTableViewCell.swift; sourceTree = "<group>"; };
		94B3EADC292390E5008DCE39 /* UserInfoTableViewCell.swift */ = {isa = PBXFileReference; lastKnownFileType = sourcecode.swift; path = UserInfoTableViewCell.swift; sourceTree = "<group>"; };
		94B3EADE292390FD008DCE39 /* WithSwitchTableViewCell.swift */ = {isa = PBXFileReference; lastKnownFileType = sourcecode.swift; path = WithSwitchTableViewCell.swift; sourceTree = "<group>"; };
/* End PBXFileReference section */

/* Begin PBXFrameworksBuildPhase section */
		94B3EAB029238B73008DCE39 /* Frameworks */ = {
			isa = PBXFrameworksBuildPhase;
			buildActionMask = 2147483647;
			files = (
				94B3EAD729239098008DCE39 /* SnapKit in Frameworks */,
			);
			runOnlyForDeploymentPostprocessing = 0;
		};
/* End PBXFrameworksBuildPhase section */

/* Begin PBXGroup section */
		94B3EAAA29238B73008DCE39 = {
			isa = PBXGroup;
			children = (
				94B3EAB529238B73008DCE39 /* 13th_HW_2 */,
				94B3EAB429238B73008DCE39 /* Products */,
			);
			sourceTree = "<group>";
		};
		94B3EAB429238B73008DCE39 /* Products */ = {
			isa = PBXGroup;
			children = (
				94B3EAB329238B73008DCE39 /* 13th_HW_2.app */,
			);
			name = Products;
			sourceTree = "<group>";
		};
		94B3EAB529238B73008DCE39 /* 13th_HW_2 */ = {
			isa = PBXGroup;
			children = (
				94B3EACB29238F87008DCE39 /* Sources */,
				94B3EACA29238EB7008DCE39 /* Resouces */,
			);
			path = 13th_HW_2;
			sourceTree = "<group>";
		};
		94B3EACA29238EB7008DCE39 /* Resouces */ = {
			isa = PBXGroup;
			children = (
				94B3EACD29238FC5008DCE39 /* Scenes */,
				94B3EACC29238F96008DCE39 /* Configuration */,
				94B3EABF29238B73008DCE39 /* Assets.xcassets */,
			);
			path = Resouces;
			sourceTree = "<group>";
		};
		94B3EACB29238F87008DCE39 /* Sources */ = {
			isa = PBXGroup;
			children = (
				94B3EAD029238FF8008DCE39 /* Views */,
				94B3EACF29238FE9008DCE39 /* Storyboard */,
				94B3EACE29238FD2008DCE39 /* CustomCells */,
			);
			path = Sources;
			sourceTree = "<group>";
		};
		94B3EACC29238F96008DCE39 /* Configuration */ = {
			isa = PBXGroup;
			children = (
				94B3EAC429238B73008DCE39 /* Info.plist */,
			);
			path = Configuration;
			sourceTree = "<group>";
		};
		94B3EACD29238FC5008DCE39 /* Scenes */ = {
			isa = PBXGroup;
			children = (
				94B3EAB629238B73008DCE39 /* AppDelegate.swift */,
				94B3EAB829238B73008DCE39 /* SceneDelegate.swift */,
			);
			path = Scenes;
			sourceTree = "<group>";
		};
		94B3EACE29238FD2008DCE39 /* CustomCells */ = {
			isa = PBXGroup;
			children = (
				94B3EAD8292390BD008DCE39 /* Model.swift */,
				94B3EADA292390D1008DCE39 /* StandartTableViewCell.swift */,
				94B3EADC292390E5008DCE39 /* UserInfoTableViewCell.swift */,
				94B3EADE292390FD008DCE39 /* WithSwitchTableViewCell.swift */,
			);
			path = CustomCells;
			sourceTree = "<group>";
		};
		94B3EACF29238FE9008DCE39 /* Storyboard */ = {
			isa = PBXGroup;
			children = (
				94B3EABC29238B73008DCE39 /* Main.storyboard */,
				94B3EAC129238B73008DCE39 /* LaunchScreen.storyboard */,
			);
			path = Storyboard;
			sourceTree = "<group>";
		};
		94B3EAD029238FF8008DCE39 /* Views */ = {
			isa = PBXGroup;
			children = (
				94B3EAD129239060008DCE39 /* DetailViewController.swift */,
				94B3EAD32923907F008DCE39 /* SettingsViewController.swift */,
			);
			path = Views;
			sourceTree = "<group>";
		};
/* End PBXGroup section */

/* Begin PBXNativeTarget section */
		94B3EAB229238B73008DCE39 /* 13th_HW_2 */ = {
			isa = PBXNativeTarget;
			buildConfigurationList = 94B3EAC729238B73008DCE39 /* Build configuration list for PBXNativeTarget "13th_HW_2" */;
			buildPhases = (
				94B3EAAF29238B73008DCE39 /* Sources */,
				94B3EAB029238B73008DCE39 /* Frameworks */,
				94B3EAB129238B73008DCE39 /* Resources */,
			);
			buildRules = (
			);
			dependencies = (
			);
			name = 13th_HW_2;
			packageProductDependencies = (
				94B3EAD629239098008DCE39 /* SnapKit */,
			);
			productName = 13th_HW_2;
			productReference = 94B3EAB329238B73008DCE39 /* 13th_HW_2.app */;
			productType = "com.apple.product-type.application";
		};
/* End PBXNativeTarget section */

/* Begin PBXProject section */
		94B3EAAB29238B73008DCE39 /* Project object */ = {
			isa = PBXProject;
			attributes = {
				BuildIndependentTargetsInParallel = 1;
				LastSwiftUpdateCheck = 1330;
				LastUpgradeCheck = 1330;
				TargetAttributes = {
					94B3EAB229238B73008DCE39 = {
						CreatedOnToolsVersion = 13.3.1;
					};
				};
			};
			buildConfigurationList = 94B3EAAE29238B73008DCE39 /* Build configuration list for PBXProject "13th_HW_2" */;
			compatibilityVersion = "Xcode 13.0";
			developmentRegion = en;
			hasScannedForEncodings = 0;
			knownRegions = (
				en,
				Base,
			);
			mainGroup = 94B3EAAA29238B73008DCE39;
			packageReferences = (
				94B3EAD529239098008DCE39 /* XCRemoteSwiftPackageReference "SnapKit" */,
			);
			productRefGroup = 94B3EAB429238B73008DCE39 /* Products */;
			projectDirPath = "";
			projectRoot = "";
			targets = (
				94B3EAB229238B73008DCE39 /* 13th_HW_2 */,
			);
		};
/* End PBXProject section */

/* Begin PBXResourcesBuildPhase section */
		94B3EAB129238B73008DCE39 /* Resources */ = {
			isa = PBXResourcesBuildPhase;
			buildActionMask = 2147483647;
			files = (
				94B3EAC329238B73008DCE39 /* LaunchScreen.storyboard in Resources */,
				94B3EAC029238B73008DCE39 /* Assets.xcassets in Resources */,
				94B3EABE29238B73008DCE39 /* Main.storyboard in Resources */,
			);
			runOnlyForDeploymentPostprocessing = 0;
		};
/* End PBXResourcesBuildPhase section */

/* Begin PBXSourcesBuildPhase section */
		94B3EAAF29238B73008DCE39 /* Sources */ = {
			isa = PBXSourcesBuildPhase;
			buildActionMask = 2147483647;
			files = (
				94B3EAB729238B73008DCE39 /* AppDelegate.swift in Sources */,
				94B3EADF292390FD008DCE39 /* WithSwitchTableViewCell.swift in Sources */,
				94B3EADB292390D1008DCE39 /* StandartTableViewCell.swift in Sources */,
				94B3EAB929238B73008DCE39 /* SceneDelegate.swift in Sources */,
				94B3EADD292390E5008DCE39 /* UserInfoTableViewCell.swift in Sources */,
				94B3EAD9292390BD008DCE39 /* Model.swift in Sources */,
				94B3EAD42923907F008DCE39 /* SettingsViewController.swift in Sources */,
				94B3EAD229239060008DCE39 /* DetailViewController.swift in Sources */,
			);
			runOnlyForDeploymentPostprocessing = 0;
		};
/* End PBXSourcesBuildPhase section */

/* Begin PBXVariantGroup section */
		94B3EABC29238B73008DCE39 /* Main.storyboard */ = {
			isa = PBXVariantGroup;
			children = (
				94B3EABD29238B73008DCE39 /* Base */,
			);
			name = Main.storyboard;
			sourceTree = "<group>";
		};
		94B3EAC129238B73008DCE39 /* LaunchScreen.storyboard */ = {
			isa = PBXVariantGroup;
			children = (
				94B3EAC229238B73008DCE39 /* Base */,
			);
			name = LaunchScreen.storyboard;
			sourceTree = "<group>";
		};
/* End PBXVariantGroup section */

/* Begin XCBuildConfiguration section */
		94B3EAC529238B73008DCE39 /* Debug */ = {
			isa = XCBuildConfiguration;
			buildSettings = {
				ALWAYS_SEARCH_USER_PATHS = NO;
				CLANG_ANALYZER_NONNULL = YES;
				CLANG_ANALYZER_NUMBER_OBJECT_CONVERSION = YES_AGGRESSIVE;
				CLANG_CXX_LANGUAGE_STANDARD = "gnu++17";
				CLANG_ENABLE_MODULES = YES;
				CLANG_ENABLE_OBJC_ARC = YES;
				CLANG_ENABLE_OBJC_WEAK = YES;
				CLANG_WARN_BLOCK_CAPTURE_AUTORELEASING = YES;
				CLANG_WARN_BOOL_CONVERSION = YES;
				CLANG_WARN_COMMA = YES;
				CLANG_WARN_CONSTANT_CONVERSION = YES;
				CLANG_WARN_DEPRECATED_OBJC_IMPLEMENTATIONS = YES;
				CLANG_WARN_DIRECT_OBJC_ISA_USAGE = YES_ERROR;
				CLANG_WARN_DOCUMENTATION_COMMENTS = YES;
				CLANG_WARN_EMPTY_BODY = YES;
				CLANG_WARN_ENUM_CONVERSION = YES;
				CLANG_WARN_INFINITE_RECURSION = YES;
				CLANG_WARN_INT_CONVERSION = YES;
				CLANG_WARN_NON_LITERAL_NULL_CONVERSION = YES;
				CLANG_WARN_OBJC_IMPLICIT_RETAIN_SELF = YES;
				CLANG_WARN_OBJC_LITERAL_CONVERSION = YES;
				CLANG_WARN_OBJC_ROOT_CLASS = YES_ERROR;
				CLANG_WARN_QUOTED_INCLUDE_IN_FRAMEWORK_HEADER = YES;
				CLANG_WARN_RANGE_LOOP_ANALYSIS = YES;
				CLANG_WARN_STRICT_PROTOTYPES = YES;
				CLANG_WARN_SUSPICIOUS_MOVE = YES;
				CLANG_WARN_UNGUARDED_AVAILABILITY = YES_AGGRESSIVE;
				CLANG_WARN_UNREACHABLE_CODE = YES;
				CLANG_WARN__DUPLICATE_METHOD_MATCH = YES;
				COPY_PHASE_STRIP = NO;
				DEBUG_INFORMATION_FORMAT = dwarf;
				ENABLE_STRICT_OBJC_MSGSEND = YES;
				ENABLE_TESTABILITY = YES;
				GCC_C_LANGUAGE_STANDARD = gnu11;
				GCC_DYNAMIC_NO_PIC = NO;
				GCC_NO_COMMON_BLOCKS = YES;
				GCC_OPTIMIZATION_LEVEL = 0;
				GCC_PREPROCESSOR_DEFINITIONS = (
					"DEBUG=1",
					"$(inherited)",
				);
				GCC_WARN_64_TO_32_BIT_CONVERSION = YES;
				GCC_WARN_ABOUT_RETURN_TYPE = YES_ERROR;
				GCC_WARN_UNDECLARED_SELECTOR = YES;
				GCC_WARN_UNINITIALIZED_AUTOS = YES_AGGRESSIVE;
				GCC_WARN_UNUSED_FUNCTION = YES;
				GCC_WARN_UNUSED_VARIABLE = YES;
				IPHONEOS_DEPLOYMENT_TARGET = 15.4;
				MTL_ENABLE_DEBUG_INFO = INCLUDE_SOURCE;
				MTL_FAST_MATH = YES;
				ONLY_ACTIVE_ARCH = YES;
				SDKROOT = iphoneos;
				SWIFT_ACTIVE_COMPILATION_CONDITIONS = DEBUG;
				SWIFT_OPTIMIZATION_LEVEL = "-Onone";
			};
			name = Debug;
		};
		94B3EAC629238B73008DCE39 /* Release */ = {
			isa = XCBuildConfiguration;
			buildSettings = {
				ALWAYS_SEARCH_USER_PATHS = NO;
				CLANG_ANALYZER_NONNULL = YES;
				CLANG_ANALYZER_NUMBER_OBJECT_CONVERSION = YES_AGGRESSIVE;
				CLANG_CXX_LANGUAGE_STANDARD = "gnu++17";
				CLANG_ENABLE_MODULES = YES;
				CLANG_ENABLE_OBJC_ARC = YES;
				CLANG_ENABLE_OBJC_WEAK = YES;
				CLANG_WARN_BLOCK_CAPTURE_AUTORELEASING = YES;
				CLANG_WARN_BOOL_CONVERSION = YES;
				CLANG_WARN_COMMA = YES;
				CLANG_WARN_CONSTANT_CONVERSION = YES;
				CLANG_WARN_DEPRECATED_OBJC_IMPLEMENTATIONS = YES;
				CLANG_WARN_DIRECT_OBJC_ISA_USAGE = YES_ERROR;
				CLANG_WARN_DOCUMENTATION_COMMENTS = YES;
				CLANG_WARN_EMPTY_BODY = YES;
				CLANG_WARN_ENUM_CONVERSION = YES;
				CLANG_WARN_INFINITE_RECURSION = YES;
				CLANG_WARN_INT_CONVERSION = YES;
				CLANG_WARN_NON_LITERAL_NULL_CONVERSION = YES;
				CLANG_WARN_OBJC_IMPLICIT_RETAIN_SELF = YES;
				CLANG_WARN_OBJC_LITERAL_CONVERSION = YES;
				CLANG_WARN_OBJC_ROOT_CLASS = YES_ERROR;
				CLANG_WARN_QUOTED_INCLUDE_IN_FRAMEWORK_HEADER = YES;
				CLANG_WARN_RANGE_LOOP_ANALYSIS = YES;
				CLANG_WARN_STRICT_PROTOTYPES = YES;
				CLANG_WARN_SUSPICIOUS_MOVE = YES;
				CLANG_WARN_UNGUARDED_AVAILABILITY = YES_AGGRESSIVE;
				CLANG_WARN_UNREACHABLE_CODE = YES;
				CLANG_WARN__DUPLICATE_METHOD_MATCH = YES;
				COPY_PHASE_STRIP = NO;
				DEBUG_INFORMATION_FORMAT = "dwarf-with-dsym";
				ENABLE_NS_ASSERTIONS = NO;
				ENABLE_STRICT_OBJC_MSGSEND = YES;
				GCC_C_LANGUAGE_STANDARD = gnu11;
				GCC_NO_COMMON_BLOCKS = YES;
				GCC_WARN_64_TO_32_BIT_CONVERSION = YES;
				GCC_WARN_ABOUT_RETURN_TYPE = YES_ERROR;
				GCC_WARN_UNDECLARED_SELECTOR = YES;
				GCC_WARN_UNINITIALIZED_AUTOS = YES_AGGRESSIVE;
				GCC_WARN_UNUSED_FUNCTION = YES;
				GCC_WARN_UNUSED_VARIABLE = YES;
				IPHONEOS_DEPLOYMENT_TARGET = 15.4;
				MTL_ENABLE_DEBUG_INFO = NO;
				MTL_FAST_MATH = YES;
				SDKROOT = iphoneos;
				SWIFT_COMPILATION_MODE = wholemodule;
				SWIFT_OPTIMIZATION_LEVEL = "-O";
				VALIDATE_PRODUCT = YES;
			};
			name = Release;
		};
		94B3EAC829238B73008DCE39 /* Debug */ = {
			isa = XCBuildConfiguration;
			buildSettings = {
				ASSETCATALOG_COMPILER_APPICON_NAME = AppIcon;
				ASSETCATALOG_COMPILER_GLOBAL_ACCENT_COLOR_NAME = AccentColor;
				CODE_SIGN_STYLE = Automatic;
				CURRENT_PROJECT_VERSION = 1;
				DEVELOPMENT_TEAM = MYSXL7XCCM;
				GENERATE_INFOPLIST_FILE = YES;
				INFOPLIST_FILE = 13th_HW_2/Resouces/Configuration/Info.plist;
				INFOPLIST_KEY_UIApplicationSupportsIndirectInputEvents = YES;
				INFOPLIST_KEY_UILaunchStoryboardName = LaunchScreen;
				INFOPLIST_KEY_UIMainStoryboardFile = Main;
				INFOPLIST_KEY_UISupportedInterfaceOrientations_iPad = "UIInterfaceOrientationPortrait UIInterfaceOrientationPortraitUpsideDown UIInterfaceOrientationLandscapeLeft UIInterfaceOrientationLandscapeRight";
				INFOPLIST_KEY_UISupportedInterfaceOrientations_iPhone = "UIInterfaceOrientationPortrait UIInterfaceOrientationLandscapeLeft UIInterfaceOrientationLandscapeRight";
				IPHONEOS_DEPLOYMENT_TARGET = 15.2;
				LD_RUNPATH_SEARCH_PATHS = (
					"$(inherited)",
					"@executable_path/Frameworks",
				);
				MARKETING_VERSION = 1.0;
				PRODUCT_BUNDLE_IDENTIFIER = "y123.-3th-HW-2";
				PRODUCT_NAME = "$(TARGET_NAME)";
				SWIFT_EMIT_LOC_STRINGS = YES;
				SWIFT_VERSION = 5.0;
				TARGETED_DEVICE_FAMILY = 1;
			};
			name = Debug;
		};
		94B3EAC929238B73008DCE39 /* Release */ = {
			isa = XCBuildConfiguration;
			buildSettings = {
				ASSETCATALOG_COMPILER_APPICON_NAME = AppIcon;
				ASSETCATALOG_COMPILER_GLOBAL_ACCENT_COLOR_NAME = AccentColor;
				CODE_SIGN_STYLE = Automatic;
				CURRENT_PROJECT_VERSION = 1;
				DEVELOPMENT_TEAM = MYSXL7XCCM;
				GENERATE_INFOPLIST_FILE = YES;
				INFOPLIST_FILE = 13th_HW_2/Resouces/Configuration/Info.plist;
				INFOPLIST_KEY_UIApplicationSupportsIndirectInputEvents = YES;
				INFOPLIST_KEY_UILaunchStoryboardName = LaunchScreen;
				INFOPLIST_KEY_UIMainStoryboardFile = Main;
				INFOPLIST_KEY_UISupportedInterfaceOrientations_iPad = "UIInterfaceOrientationPortrait UIInterfaceOrientationPortraitUpsideDown UIInterfaceOrientationLandscapeLeft UIInterfaceOrientationLandscapeRight";
				INFOPLIST_KEY_UISupportedInterfaceOrientations_iPhone = "UIInterfaceOrientationPortrait UIInterfaceOrientationLandscapeLeft UIInterfaceOrientationLandscapeRight";
				IPHONEOS_DEPLOYMENT_TARGET = 15.2;
				LD_RUNPATH_SEARCH_PATHS = (
					"$(inherited)",
					"@executable_path/Frameworks",
				);
				MARKETING_VERSION = 1.0;
				PRODUCT_BUNDLE_IDENTIFIER = "y123.-3th-HW-2";
				PRODUCT_NAME = "$(TARGET_NAME)";
				SWIFT_EMIT_LOC_STRINGS = YES;
				SWIFT_VERSION = 5.0;
				TARGETED_DEVICE_FAMILY = 1;
			};
			name = Release;
		};
/* End XCBuildConfiguration section */

/* Begin XCConfigurationList section */
		94B3EAAE29238B73008DCE39 /* Build configuration list for PBXProject "13th_HW_2" */ = {
			isa = XCConfigurationList;
			buildConfigurations = (
				94B3EAC529238B73008DCE39 /* Debug */,
				94B3EAC629238B73008DCE39 /* Release */,
			);
			defaultConfigurationIsVisible = 0;
			defaultConfigurationName = Release;
		};
		94B3EAC729238B73008DCE39 /* Build configuration list for PBXNativeTarget "13th_HW_2" */ = {
			isa = XCConfigurationList;
			buildConfigurations = (
				94B3EAC829238B73008DCE39 /* Debug */,
				94B3EAC929238B73008DCE39 /* Release */,
			);
			defaultConfigurationIsVisible = 0;
			defaultConfigurationName = Release;
		};
/* End XCConfigurationList section */

/* Begin XCRemoteSwiftPackageReference section */
		94B3EAD529239098008DCE39 /* XCRemoteSwiftPackageReference "SnapKit" */ = {
			isa = XCRemoteSwiftPackageReference;
			repositoryURL = "https://github.com/SnapKit/SnapKit";
			requirement = {
				branch = develop;
				kind = branch;
			};
		};
/* End XCRemoteSwiftPackageReference section */

/* Begin XCSwiftPackageProductDependency section */
		94B3EAD629239098008DCE39 /* SnapKit */ = {
			isa = XCSwiftPackageProductDependency;
			package = 94B3EAD529239098008DCE39 /* XCRemoteSwiftPackageReference "SnapKit" */;
			productName = SnapKit;
		};
/* End XCSwiftPackageProductDependency section */
	};
	rootObject = 94B3EAAB29238B73008DCE39 /* Project object */;
}
